# THIS IS AN AUTOGENERATED FILE. DO NOT EDIT THIS FILE DIRECTLY.
# yarn lockfile v1


mobx@^5.9.0:
  version "5.9.0"
  resolved "https://registry.yarnpkg.com/mobx/-/mobx-5.9.0.tgz#a08edd7132787f771409c9c33788a5df66ff7ce7"
  integrity sha512-D3mY1uM3H9BP5duk5tTanrOq92yqetYKsprPJWvkKDrbs+fro59xrpWX+vtr10YoLgJIFz+a4A8lI+4YtqmCUQ==

serializr@^1.4.1:
  version "1.4.1"
  resolved "https://registry.yarnpkg.com/serializr/-/serializr-1.4.1.tgz#e10265d5305552f9c3d3accf7d5c1ec88acb96c1"
  integrity sha512-ceOvqZIRP1Ch+sl7ZHs+QiB1Zh+MtDkQQuG82ywchOA6UrQSl/4gBVWhHkkgsuMBNLMP5QrFS7OFAMuQD/NzOQ==

typescript@^3.3.3:
  version "3.3.3"
  resolved "https://registry.yarnpkg.com/typescript/-/typescript-3.3.3.tgz#f1657fc7daa27e1a8930758ace9ae8da31403221"
  integrity sha512-Y21Xqe54TBVp+VDSNbuDYdGw0BpoR/Q6wo/+35M8PAU0vipahnyduJWirxxdxjsAkS7hue53x2zp8gz7F05u0A==
